
Microsoft Visual Studio Solution File, Format Version 12.00
# Visual Studio 15
VisualStudioVersion = 15.0.26430.6
MinimumVisualStudioVersion = 10.0.40219.1
Project("{2150E333-8FDC-42A3-9474-1A3956D46DE8}") = "Examples", "Examples", "{A6478738-3E7C-4021-B5C0-2A2561D68BFC}"
EndProject
Project("{2150E333-8FDC-42A3-9474-1A3956D46DE8}") = "AutoCompleteBox", "AutoCompleteBox", "{B1A9F7FC-0689-4497-A3AC-CB9E86FE6116}"
EndProject
Project("{2150E333-8FDC-42A3-9474-1A3956D46DE8}") = "BulletGraph", "BulletGraph", "{91DC43AA-F693-4FAC-96AB-8DE1EE1D5D77}"
EndProject
Project("{2150E333-8FDC-42A3-9474-1A3956D46DE8}") = "BusyIndicator", "BusyIndicator", "{23D641F0-F0AA-4719-ADE5-690D62E486C8}"
EndProject
Project("{2150E333-8FDC-42A3-9474-1A3956D46DE8}") = "Calendar", "Calendar", "{7AE65E01-F138-4D2B-AB18-8E8AA1E5B405}"
EndProject
Project("{2150E333-8FDC-42A3-9474-1A3956D46DE8}") = "Chart", "Chart", "{86A84F39-335D-4079-B203-4C95904B28F2}"
EndProject
Project("{2150E333-8FDC-42A3-9474-1A3956D46DE8}") = "DataForm", "DataForm", "{CE740FEA-3FE8-468B-96FD-EBCBDE1E3334}"
EndProject
Project("{2150E333-8FDC-42A3-9474-1A3956D46DE8}") = "DatePicker", "DatePicker", "{4C7B4F9C-8280-46C3-98B7-6D11979CC23B}"
EndProject
Project("{2150E333-8FDC-42A3-9474-1A3956D46DE8}") = "Expander", "Expander", "{C0218921-BD00-4243-98A0-2D0AF1F74476}"
EndProject
Project("{2150E333-8FDC-42A3-9474-1A3956D46DE8}") = "Gauge", "Gauge", "{2A195BF1-5D0F-4B00-92CD-B7CA5FA74B4A}"
EndProject
Project("{2150E333-8FDC-42A3-9474-1A3956D46DE8}") = "Grid", "Grid", "{B119DA68-3436-4CF1-AEC1-D136D5838D41}"
EndProject
Project("{2150E333-8FDC-42A3-9474-1A3956D46DE8}") = "HexView", "HexView", "{4D32E706-4FC1-4746-BB18-2FCB51DD53AB}"
EndProject
Project("{2150E333-8FDC-42A3-9474-1A3956D46DE8}") = "HubTile", "HubTile", "{4187D672-EA72-4DBB-A5A3-7247498CF144}"
EndProject
Project("{2150E333-8FDC-42A3-9474-1A3956D46DE8}") = "ListView", "ListView", "{BE8956F7-C1CE-4803-B001-ED60ED4128E5}"
EndProject
Project("{2150E333-8FDC-42A3-9474-1A3956D46DE8}") = "LoopingList", "LoopingList", "{70CA4E6B-C33B-4477-A542-54E6A4E43163}"
EndProject
Project("{2150E333-8FDC-42A3-9474-1A3956D46DE8}") = "Map", "Map", "{1887E95C-5C1F-41BB-AC38-31939BC97FA4}"
EndProject
Project("{2150E333-8FDC-42A3-9474-1A3956D46DE8}") = "NumericBox", "NumericBox", "{E6DF96A7-2615-4B9E-AC66-001F2D5BBE48}"
EndProject
Project("{2150E333-8FDC-42A3-9474-1A3956D46DE8}") = "Pagination", "Pagination", "{31820980-83A6-457F-85EC-1BD8DDF3938B}"
EndProject
Project("{2150E333-8FDC-42A3-9474-1A3956D46DE8}") = "RadialMenu", "RadialMenu", "{EB55FBD1-3D97-4E3F-A56D-6C467A8DFC2B}"
EndProject
Project("{2150E333-8FDC-42A3-9474-1A3956D46DE8}") = "RangeSlider", "RangeSlider", "{9D0D973B-0D67-4EB4-B698-D1FF5BD4A54D}"
EndProject
Project("{2150E333-8FDC-42A3-9474-1A3956D46DE8}") = "Rating", "Rating", "{96FE711A-DBEE-4BDA-99E0-07C5640ED894}"
EndProject
Project("{2150E333-8FDC-42A3-9474-1A3956D46DE8}") = "TimePicker", "TimePicker", "{B86C1D87-0BEE-44D0-873E-49CC21C584BA}"
EndProject
Project("{FAE04EC0-301F-11D3-BF4B-00C04F79EFBC}") = "AutoCompleteBox.UWP", "Examples\AutoCompleteBox.UWP\AutoCompleteBox.UWP.csproj", "{F6FA2B93-9141-45B7-956F-DE4D0C265B3E}"
EndProject
Project("{FAE04EC0-301F-11D3-BF4B-00C04F79EFBC}") = "BulletGraph.UWP", "Examples\BulletGraph.UWP\BulletGraph.UWP.csproj", "{15A1C8D9-B6E7-4809-9443-CDAE156A6A94}"
EndProject
Project("{FAE04EC0-301F-11D3-BF4B-00C04F79EFBC}") = "BusyIndicator.UWP", "Examples\BusyIndicator.UWP\BusyIndicator.UWP.csproj", "{69656BBF-7A4C-48AE-A3E6-329E4C0535F9}"
EndProject
Project("{FAE04EC0-301F-11D3-BF4B-00C04F79EFBC}") = "Calendar.UWP", "Examples\Calendar.UWP\Calendar.UWP.csproj", "{CD580D15-6AA1-4E20-84B4-AB9702815C1E}"
EndProject
Project("{FAE04EC0-301F-11D3-BF4B-00C04F79EFBC}") = "Chart.UWP", "Examples\Chart.UWP\Chart.UWP.csproj", "{4E8BF452-8A61-495E-BC95-BE6EDF1C1675}"
EndProject
Project("{FAE04EC0-301F-11D3-BF4B-00C04F79EFBC}") = "DataForm.UWP", "Examples\DataForm.UWP\DataForm.UWP.csproj", "{76EE5757-A471-4D5E-8763-45FA3851EBF9}"
EndProject
Project("{FAE04EC0-301F-11D3-BF4B-00C04F79EFBC}") = "DatePicker.UWP", "Examples\DatePicker.UWP\DatePicker.UWP.csproj", "{3BA84489-9226-48AF-BF3F-9EE1601522B3}"
EndProject
Project("{FAE04EC0-301F-11D3-BF4B-00C04F79EFBC}") = "Expander.UWP", "Examples\Expander.UWP\Expander.UWP.csproj", "{AA4ECDC0-2B35-4A1C-8CB0-39E00DDE0AD5}"
EndProject
Project("{FAE04EC0-301F-11D3-BF4B-00C04F79EFBC}") = "Gauge.UWP", "Examples\Gauge.UWP\Gauge.UWP.csproj", "{F33496E4-A0C1-4591-8A9A-74499A546DCB}"
EndProject
Project("{FAE04EC0-301F-11D3-BF4B-00C04F79EFBC}") = "Grid.UWP", "Examples\Grid.UWP\Grid.UWP.csproj", "{172FD044-103E-4DEB-8B62-00F882868647}"
EndProject
Project("{FAE04EC0-301F-11D3-BF4B-00C04F79EFBC}") = "HexView.UWP", "Examples\HexView.UWP\HexView.UWP.csproj", "{ADB3E9A7-285A-4CF8-8164-40316C10DB36}"
EndProject
Project("{FAE04EC0-301F-11D3-BF4B-00C04F79EFBC}") = "HubTile.UWP", "Examples\HubTile.UWP\HubTile.UWP.csproj", "{1328BB49-3532-4BC3-AB74-02E550E24092}"
EndProject
Project("{FAE04EC0-301F-11D3-BF4B-00C04F79EFBC}") = "ListView.UWP", "Examples\ListView.UWP\ListView.UWP.csproj", "{162D97B8-C6BA-42F6-AC51-CFDE62DBAB28}"
EndProject
Project("{FAE04EC0-301F-11D3-BF4B-00C04F79EFBC}") = "LoopingList.UWP", "Examples\LoopingList.UWP\LoopingList.UWP.csproj", "{4E56A8C2-CAB1-459C-AC5C-DF9120DE227D}"
EndProject
Project("{FAE04EC0-301F-11D3-BF4B-00C04F79EFBC}") = "Map.UWP", "Examples\Map.UWP\Map.UWP.csproj", "{E1361C14-E0D5-498C-9BBB-2233E4373120}"
EndProject
Project("{FAE04EC0-301F-11D3-BF4B-00C04F79EFBC}") = "NumericBox.UWP", "Examples\NumericBox.UWP\NumericBox.UWP.csproj", "{508BCD86-B726-4019-ABAB-89C84A548060}"
EndProject
Project("{FAE04EC0-301F-11D3-BF4B-00C04F79EFBC}") = "Pagination.UWP", "Examples\Pagination.UWP\Pagination.UWP.csproj", "{B5E95597-7026-413B-BF25-C72F3A0FD1E9}"
EndProject
Project("{FAE04EC0-301F-11D3-BF4B-00C04F79EFBC}") = "RadialMenu.UWP", "Examples\RadialMenu.UWP\RadialMenu.UWP.csproj", "{F1C60CE2-7873-4C51-A498-D72D3EE603C6}"
EndProject
Project("{FAE04EC0-301F-11D3-BF4B-00C04F79EFBC}") = "RangeSlider.UWP", "Examples\RangeSlider.UWP\RangeSlider.UWP.csproj", "{55E8C2E5-EFED-4A64-8120-7A6072D46125}"
EndProject
Project("{FAE04EC0-301F-11D3-BF4B-00C04F79EFBC}") = "Rating.UWP", "Examples\Rating.UWP\Rating.UWP.csproj", "{06E8A736-BC61-4EA4-98AF-3F86C156CDC6}"
EndProject
Project("{FAE04EC0-301F-11D3-BF4B-00C04F79EFBC}") = "TimePicker.UWP", "Examples\TimePicker.UWP\TimePicker.UWP.csproj", "{BB010352-3911-42CB-9D87-C2034B8FB265}"
EndProject
Project("{2150E333-8FDC-42A3-9474-1A3956D46DE8}") = "QSF.Common", "QSF.Common", "{54584C44-1233-4DC1-A175-6CF4ABB0066E}"
EndProject
Project("{2150E333-8FDC-42A3-9474-1A3956D46DE8}") = "QSF.UWP", "QSF.UWP", "{3055AAFD-BEB8-4F76-BC64-ACE6273F90BF}"
EndProject
Project("{FAE04EC0-301F-11D3-BF4B-00C04F79EFBC}") = "QSF.Common", "QSF.Common\QSF.Common.csproj", "{680D7E16-7BC1-44A6-939E-8F94904DBC7B}"
EndProject
Project("{FAE04EC0-301F-11D3-BF4B-00C04F79EFBC}") = "QSF.UWP", "QSF.UWP\QSF.UWP.csproj", "{A63C16F8-208A-4BBE-8282-CE5C902011F6}"
EndProject
Global
	GlobalSection(SolutionConfigurationPlatforms) = preSolution
		Debug|Any CPU = Debug|Any CPU
		Debug|ARM = Debug|ARM
		Debug|x64 = Debug|x64
		Debug|x86 = Debug|x86
		Release|Any CPU = Release|Any CPU
		Release|ARM = Release|ARM
		Release|x64 = Release|x64
		Release|x86 = Release|x86
	EndGlobalSection
	GlobalSection(ProjectConfigurationPlatforms) = postSolution
		{F6FA2B93-9141-45B7-956F-DE4D0C265B3E}.Debug|Any CPU.ActiveCfg = Debug|Any CPU
		{F6FA2B93-9141-45B7-956F-DE4D0C265B3E}.Debug|Any CPU.Build.0 = Debug|Any CPU
		{F6FA2B93-9141-45B7-956F-DE4D0C265B3E}.Debug|ARM.ActiveCfg = Debug|ARM
		{F6FA2B93-9141-45B7-956F-DE4D0C265B3E}.Debug|ARM.Build.0 = Debug|ARM
		{F6FA2B93-9141-45B7-956F-DE4D0C265B3E}.Debug|x64.ActiveCfg = Debug|x64
		{F6FA2B93-9141-45B7-956F-DE4D0C265B3E}.Debug|x64.Build.0 = Debug|x64
		{F6FA2B93-9141-45B7-956F-DE4D0C265B3E}.Debug|x86.ActiveCfg = Debug|x86
		{F6FA2B93-9141-45B7-956F-DE4D0C265B3E}.Debug|x86.Build.0 = Debug|x86
		{F6FA2B93-9141-45B7-956F-DE4D0C265B3E}.Release|Any CPU.ActiveCfg = Release|Any CPU
		{F6FA2B93-9141-45B7-956F-DE4D0C265B3E}.Release|Any CPU.Build.0 = Release|Any CPU
		{F6FA2B93-9141-45B7-956F-DE4D0C265B3E}.Release|ARM.ActiveCfg = Release|ARM
		{F6FA2B93-9141-45B7-956F-DE4D0C265B3E}.Release|ARM.Build.0 = Release|ARM
		{F6FA2B93-9141-45B7-956F-DE4D0C265B3E}.Release|x64.ActiveCfg = Release|x64
		{F6FA2B93-9141-45B7-956F-DE4D0C265B3E}.Release|x64.Build.0 = Release|x64
		{F6FA2B93-9141-45B7-956F-DE4D0C265B3E}.Release|x86.ActiveCfg = Release|x86
		{F6FA2B93-9141-45B7-956F-DE4D0C265B3E}.Release|x86.Build.0 = Release|x86
		{15A1C8D9-B6E7-4809-9443-CDAE156A6A94}.Debug|Any CPU.ActiveCfg = Debug|Any CPU
		{15A1C8D9-B6E7-4809-9443-CDAE156A6A94}.Debug|Any CPU.Build.0 = Debug|Any CPU
		{15A1C8D9-B6E7-4809-9443-CDAE156A6A94}.Debug|ARM.ActiveCfg = Debug|ARM
		{15A1C8D9-B6E7-4809-9443-CDAE156A6A94}.Debug|ARM.Build.0 = Debug|ARM
		{15A1C8D9-B6E7-4809-9443-CDAE156A6A94}.Debug|x64.ActiveCfg = Debug|x64
		{15A1C8D9-B6E7-4809-9443-CDAE156A6A94}.Debug|x64.Build.0 = Debug|x64
		{15A1C8D9-B6E7-4809-9443-CDAE156A6A94}.Debug|x86.ActiveCfg = Debug|x86
		{15A1C8D9-B6E7-4809-9443-CDAE156A6A94}.Debug|x86.Build.0 = Debug|x86
		{15A1C8D9-B6E7-4809-9443-CDAE156A6A94}.Release|Any CPU.ActiveCfg = Release|Any CPU
		{15A1C8D9-B6E7-4809-9443-CDAE156A6A94}.Release|Any CPU.Build.0 = Release|Any CPU
		{15A1C8D9-B6E7-4809-9443-CDAE156A6A94}.Release|ARM.ActiveCfg = Release|ARM
		{15A1C8D9-B6E7-4809-9443-CDAE156A6A94}.Release|ARM.Build.0 = Release|ARM
		{15A1C8D9-B6E7-4809-9443-CDAE156A6A94}.Release|x64.ActiveCfg = Release|x64
		{15A1C8D9-B6E7-4809-9443-CDAE156A6A94}.Release|x64.Build.0 = Release|x64
		{15A1C8D9-B6E7-4809-9443-CDAE156A6A94}.Release|x86.ActiveCfg = Release|x86
		{15A1C8D9-B6E7-4809-9443-CDAE156A6A94}.Release|x86.Build.0 = Release|x86
		{69656BBF-7A4C-48AE-A3E6-329E4C0535F9}.Debug|Any CPU.ActiveCfg = Debug|Any CPU
		{69656BBF-7A4C-48AE-A3E6-329E4C0535F9}.Debug|Any CPU.Build.0 = Debug|Any CPU
		{69656BBF-7A4C-48AE-A3E6-329E4C0535F9}.Debug|ARM.ActiveCfg = Debug|ARM
		{69656BBF-7A4C-48AE-A3E6-329E4C0535F9}.Debug|ARM.Build.0 = Debug|ARM
		{69656BBF-7A4C-48AE-A3E6-329E4C0535F9}.Debug|x64.ActiveCfg = Debug|x64
		{69656BBF-7A4C-48AE-A3E6-329E4C0535F9}.Debug|x64.Build.0 = Debug|x64
		{69656BBF-7A4C-48AE-A3E6-329E4C0535F9}.Debug|x86.ActiveCfg = Debug|x86
		{69656BBF-7A4C-48AE-A3E6-329E4C0535F9}.Debug|x86.Build.0 = Debug|x86
		{69656BBF-7A4C-48AE-A3E6-329E4C0535F9}.Release|Any CPU.ActiveCfg = Release|Any CPU
		{69656BBF-7A4C-48AE-A3E6-329E4C0535F9}.Release|Any CPU.Build.0 = Release|Any CPU
		{69656BBF-7A4C-48AE-A3E6-329E4C0535F9}.Release|ARM.ActiveCfg = Release|ARM
		{69656BBF-7A4C-48AE-A3E6-329E4C0535F9}.Release|ARM.Build.0 = Release|ARM
		{69656BBF-7A4C-48AE-A3E6-329E4C0535F9}.Release|x64.ActiveCfg = Release|x64
		{69656BBF-7A4C-48AE-A3E6-329E4C0535F9}.Release|x64.Build.0 = Release|x64
		{69656BBF-7A4C-48AE-A3E6-329E4C0535F9}.Release|x86.ActiveCfg = Release|x86
		{69656BBF-7A4C-48AE-A3E6-329E4C0535F9}.Release|x86.Build.0 = Release|x86
		{CD580D15-6AA1-4E20-84B4-AB9702815C1E}.Debug|Any CPU.ActiveCfg = Debug|Any CPU
		{CD580D15-6AA1-4E20-84B4-AB9702815C1E}.Debug|Any CPU.Build.0 = Debug|Any CPU
		{CD580D15-6AA1-4E20-84B4-AB9702815C1E}.Debug|ARM.ActiveCfg = Debug|ARM
		{CD580D15-6AA1-4E20-84B4-AB9702815C1E}.Debug|ARM.Build.0 = Debug|ARM
		{CD580D15-6AA1-4E20-84B4-AB9702815C1E}.Debug|x64.ActiveCfg = Debug|x64
		{CD580D15-6AA1-4E20-84B4-AB9702815C1E}.Debug|x64.Build.0 = Debug|x64
		{CD580D15-6AA1-4E20-84B4-AB9702815C1E}.Debug|x86.ActiveCfg = Debug|x86
		{CD580D15-6AA1-4E20-84B4-AB9702815C1E}.Debug|x86.Build.0 = Debug|x86
		{CD580D15-6AA1-4E20-84B4-AB9702815C1E}.Release|Any CPU.ActiveCfg = Release|Any CPU
		{CD580D15-6AA1-4E20-84B4-AB9702815C1E}.Release|Any CPU.Build.0 = Release|Any CPU
		{CD580D15-6AA1-4E20-84B4-AB9702815C1E}.Release|ARM.ActiveCfg = Release|ARM
		{CD580D15-6AA1-4E20-84B4-AB9702815C1E}.Release|ARM.Build.0 = Release|ARM
		{CD580D15-6AA1-4E20-84B4-AB9702815C1E}.Release|x64.ActiveCfg = Release|x64
		{CD580D15-6AA1-4E20-84B4-AB9702815C1E}.Release|x64.Build.0 = Release|x64
		{CD580D15-6AA1-4E20-84B4-AB9702815C1E}.Release|x86.ActiveCfg = Release|x86
		{CD580D15-6AA1-4E20-84B4-AB9702815C1E}.Release|x86.Build.0 = Release|x86
		{4E8BF452-8A61-495E-BC95-BE6EDF1C1675}.Debug|Any CPU.ActiveCfg = Debug|Any CPU
		{4E8BF452-8A61-495E-BC95-BE6EDF1C1675}.Debug|Any CPU.Build.0 = Debug|Any CPU
		{4E8BF452-8A61-495E-BC95-BE6EDF1C1675}.Debug|ARM.ActiveCfg = Debug|ARM
		{4E8BF452-8A61-495E-BC95-BE6EDF1C1675}.Debug|ARM.Build.0 = Debug|ARM
		{4E8BF452-8A61-495E-BC95-BE6EDF1C1675}.Debug|x64.ActiveCfg = Debug|x64
		{4E8BF452-8A61-495E-BC95-BE6EDF1C1675}.Debug|x64.Build.0 = Debug|x64
		{4E8BF452-8A61-495E-BC95-BE6EDF1C1675}.Debug|x86.ActiveCfg = Debug|x86
		{4E8BF452-8A61-495E-BC95-BE6EDF1C1675}.Debug|x86.Build.0 = Debug|x86
		{4E8BF452-8A61-495E-BC95-BE6EDF1C1675}.Release|Any CPU.ActiveCfg = Release|Any CPU
		{4E8BF452-8A61-495E-BC95-BE6EDF1C1675}.Release|Any CPU.Build.0 = Release|Any CPU
		{4E8BF452-8A61-495E-BC95-BE6EDF1C1675}.Release|ARM.ActiveCfg = Release|ARM
		{4E8BF452-8A61-495E-BC95-BE6EDF1C1675}.Release|ARM.Build.0 = Release|ARM
		{4E8BF452-8A61-495E-BC95-BE6EDF1C1675}.Release|x64.ActiveCfg = Release|x64
		{4E8BF452-8A61-495E-BC95-BE6EDF1C1675}.Release|x64.Build.0 = Release|x64
		{4E8BF452-8A61-495E-BC95-BE6EDF1C1675}.Release|x86.ActiveCfg = Release|x86
		{4E8BF452-8A61-495E-BC95-BE6EDF1C1675}.Release|x86.Build.0 = Release|x86
		{76EE5757-A471-4D5E-8763-45FA3851EBF9}.Debug|Any CPU.ActiveCfg = Debug|Any CPU
		{76EE5757-A471-4D5E-8763-45FA3851EBF9}.Debug|Any CPU.Build.0 = Debug|Any CPU
		{76EE5757-A471-4D5E-8763-45FA3851EBF9}.Debug|ARM.ActiveCfg = Debug|ARM
		{76EE5757-A471-4D5E-8763-45FA3851EBF9}.Debug|ARM.Build.0 = Debug|ARM
		{76EE5757-A471-4D5E-8763-45FA3851EBF9}.Debug|x64.ActiveCfg = Debug|x64
		{76EE5757-A471-4D5E-8763-45FA3851EBF9}.Debug|x64.Build.0 = Debug|x64
		{76EE5757-A471-4D5E-8763-45FA3851EBF9}.Debug|x86.ActiveCfg = Debug|x86
		{76EE5757-A471-4D5E-8763-45FA3851EBF9}.Debug|x86.Build.0 = Debug|x86
		{76EE5757-A471-4D5E-8763-45FA3851EBF9}.Release|Any CPU.ActiveCfg = Release|Any CPU
		{76EE5757-A471-4D5E-8763-45FA3851EBF9}.Release|Any CPU.Build.0 = Release|Any CPU
		{76EE5757-A471-4D5E-8763-45FA3851EBF9}.Release|ARM.ActiveCfg = Release|ARM
		{76EE5757-A471-4D5E-8763-45FA3851EBF9}.Release|ARM.Build.0 = Release|ARM
		{76EE5757-A471-4D5E-8763-45FA3851EBF9}.Release|x64.ActiveCfg = Release|x64
		{76EE5757-A471-4D5E-8763-45FA3851EBF9}.Release|x64.Build.0 = Release|x64
		{76EE5757-A471-4D5E-8763-45FA3851EBF9}.Release|x86.ActiveCfg = Release|x86
		{76EE5757-A471-4D5E-8763-45FA3851EBF9}.Release|x86.Build.0 = Release|x86
		{3BA84489-9226-48AF-BF3F-9EE1601522B3}.Debug|Any CPU.ActiveCfg = Debug|Any CPU
		{3BA84489-9226-48AF-BF3F-9EE1601522B3}.Debug|Any CPU.Build.0 = Debug|Any CPU
		{3BA84489-9226-48AF-BF3F-9EE1601522B3}.Debug|ARM.ActiveCfg = Debug|ARM
		{3BA84489-9226-48AF-BF3F-9EE1601522B3}.Debug|ARM.Build.0 = Debug|ARM
		{3BA84489-9226-48AF-BF3F-9EE1601522B3}.Debug|x64.ActiveCfg = Debug|x64
		{3BA84489-9226-48AF-BF3F-9EE1601522B3}.Debug|x64.Build.0 = Debug|x64
		{3BA84489-9226-48AF-BF3F-9EE1601522B3}.Debug|x86.ActiveCfg = Debug|x86
		{3BA84489-9226-48AF-BF3F-9EE1601522B3}.Debug|x86.Build.0 = Debug|x86
		{3BA84489-9226-48AF-BF3F-9EE1601522B3}.Release|Any CPU.ActiveCfg = Release|Any CPU
		{3BA84489-9226-48AF-BF3F-9EE1601522B3}.Release|Any CPU.Build.0 = Release|Any CPU
		{3BA84489-9226-48AF-BF3F-9EE1601522B3}.Release|ARM.ActiveCfg = Release|ARM
		{3BA84489-9226-48AF-BF3F-9EE1601522B3}.Release|ARM.Build.0 = Release|ARM
		{3BA84489-9226-48AF-BF3F-9EE1601522B3}.Release|x64.ActiveCfg = Release|x64
		{3BA84489-9226-48AF-BF3F-9EE1601522B3}.Release|x64.Build.0 = Release|x64
		{3BA84489-9226-48AF-BF3F-9EE1601522B3}.Release|x86.ActiveCfg = Release|x86
		{3BA84489-9226-48AF-BF3F-9EE1601522B3}.Release|x86.Build.0 = Release|x86
		{AA4ECDC0-2B35-4A1C-8CB0-39E00DDE0AD5}.Debug|Any CPU.ActiveCfg = Debug|Any CPU
		{AA4ECDC0-2B35-4A1C-8CB0-39E00DDE0AD5}.Debug|Any CPU.Build.0 = Debug|Any CPU
		{AA4ECDC0-2B35-4A1C-8CB0-39E00DDE0AD5}.Debug|ARM.ActiveCfg = Debug|ARM
		{AA4ECDC0-2B35-4A1C-8CB0-39E00DDE0AD5}.Debug|ARM.Build.0 = Debug|ARM
		{AA4ECDC0-2B35-4A1C-8CB0-39E00DDE0AD5}.Debug|x64.ActiveCfg = Debug|x64
		{AA4ECDC0-2B35-4A1C-8CB0-39E00DDE0AD5}.Debug|x64.Build.0 = Debug|x64
		{AA4ECDC0-2B35-4A1C-8CB0-39E00DDE0AD5}.Debug|x86.ActiveCfg = Debug|x86
		{AA4ECDC0-2B35-4A1C-8CB0-39E00DDE0AD5}.Debug|x86.Build.0 = Debug|x86
		{AA4ECDC0-2B35-4A1C-8CB0-39E00DDE0AD5}.Release|Any CPU.ActiveCfg = Release|Any CPU
		{AA4ECDC0-2B35-4A1C-8CB0-39E00DDE0AD5}.Release|Any CPU.Build.0 = Release|Any CPU
		{AA4ECDC0-2B35-4A1C-8CB0-39E00DDE0AD5}.Release|ARM.ActiveCfg = Release|ARM
		{AA4ECDC0-2B35-4A1C-8CB0-39E00DDE0AD5}.Release|ARM.Build.0 = Release|ARM
		{AA4ECDC0-2B35-4A1C-8CB0-39E00DDE0AD5}.Release|x64.ActiveCfg = Release|x64
		{AA4ECDC0-2B35-4A1C-8CB0-39E00DDE0AD5}.Release|x64.Build.0 = Release|x64
		{AA4ECDC0-2B35-4A1C-8CB0-39E00DDE0AD5}.Release|x86.ActiveCfg = Release|x86
		{AA4ECDC0-2B35-4A1C-8CB0-39E00DDE0AD5}.Release|x86.Build.0 = Release|x86
		{F33496E4-A0C1-4591-8A9A-74499A546DCB}.Debug|Any CPU.ActiveCfg = Debug|Any CPU
		{F33496E4-A0C1-4591-8A9A-74499A546DCB}.Debug|Any CPU.Build.0 = Debug|Any CPU
		{F33496E4-A0C1-4591-8A9A-74499A546DCB}.Debug|ARM.ActiveCfg = Debug|ARM
		{F33496E4-A0C1-4591-8A9A-74499A546DCB}.Debug|ARM.Build.0 = Debug|ARM
		{F33496E4-A0C1-4591-8A9A-74499A546DCB}.Debug|x64.ActiveCfg = Debug|x64
		{F33496E4-A0C1-4591-8A9A-74499A546DCB}.Debug|x64.Build.0 = Debug|x64
		{F33496E4-A0C1-4591-8A9A-74499A546DCB}.Debug|x86.ActiveCfg = Debug|x86
		{F33496E4-A0C1-4591-8A9A-74499A546DCB}.Debug|x86.Build.0 = Debug|x86
		{F33496E4-A0C1-4591-8A9A-74499A546DCB}.Release|Any CPU.ActiveCfg = Release|Any CPU
		{F33496E4-A0C1-4591-8A9A-74499A546DCB}.Release|Any CPU.Build.0 = Release|Any CPU
		{F33496E4-A0C1-4591-8A9A-74499A546DCB}.Release|ARM.ActiveCfg = Release|ARM
		{F33496E4-A0C1-4591-8A9A-74499A546DCB}.Release|ARM.Build.0 = Release|ARM
		{F33496E4-A0C1-4591-8A9A-74499A546DCB}.Release|x64.ActiveCfg = Release|x64
		{F33496E4-A0C1-4591-8A9A-74499A546DCB}.Release|x64.Build.0 = Release|x64
		{F33496E4-A0C1-4591-8A9A-74499A546DCB}.Release|x86.ActiveCfg = Release|x86
		{F33496E4-A0C1-4591-8A9A-74499A546DCB}.Release|x86.Build.0 = Release|x86
		{172FD044-103E-4DEB-8B62-00F882868647}.Debug|Any CPU.ActiveCfg = Debug|Any CPU
		{172FD044-103E-4DEB-8B62-00F882868647}.Debug|Any CPU.Build.0 = Debug|Any CPU
		{172FD044-103E-4DEB-8B62-00F882868647}.Debug|ARM.ActiveCfg = Debug|ARM
		{172FD044-103E-4DEB-8B62-00F882868647}.Debug|ARM.Build.0 = Debug|ARM
		{172FD044-103E-4DEB-8B62-00F882868647}.Debug|x64.ActiveCfg = Debug|x64
		{172FD044-103E-4DEB-8B62-00F882868647}.Debug|x64.Build.0 = Debug|x64
		{172FD044-103E-4DEB-8B62-00F882868647}.Debug|x86.ActiveCfg = Debug|x86
		{172FD044-103E-4DEB-8B62-00F882868647}.Debug|x86.Build.0 = Debug|x86
		{172FD044-103E-4DEB-8B62-00F882868647}.Release|Any CPU.ActiveCfg = Release|Any CPU
		{172FD044-103E-4DEB-8B62-00F882868647}.Release|Any CPU.Build.0 = Release|Any CPU
		{172FD044-103E-4DEB-8B62-00F882868647}.Release|ARM.ActiveCfg = Release|ARM
		{172FD044-103E-4DEB-8B62-00F882868647}.Release|ARM.Build.0 = Release|ARM
		{172FD044-103E-4DEB-8B62-00F882868647}.Release|x64.ActiveCfg = Release|x64
		{172FD044-103E-4DEB-8B62-00F882868647}.Release|x64.Build.0 = Release|x64
		{172FD044-103E-4DEB-8B62-00F882868647}.Release|x86.ActiveCfg = Release|x86
		{172FD044-103E-4DEB-8B62-00F882868647}.Release|x86.Build.0 = Release|x86
		{ADB3E9A7-285A-4CF8-8164-40316C10DB36}.Debug|Any CPU.ActiveCfg = Debug|Any CPU
		{ADB3E9A7-285A-4CF8-8164-40316C10DB36}.Debug|Any CPU.Build.0 = Debug|Any CPU
		{ADB3E9A7-285A-4CF8-8164-40316C10DB36}.Debug|ARM.ActiveCfg = Debug|ARM
		{ADB3E9A7-285A-4CF8-8164-40316C10DB36}.Debug|ARM.Build.0 = Debug|ARM
		{ADB3E9A7-285A-4CF8-8164-40316C10DB36}.Debug|x64.ActiveCfg = Debug|x64
		{ADB3E9A7-285A-4CF8-8164-40316C10DB36}.Debug|x64.Build.0 = Debug|x64
		{ADB3E9A7-285A-4CF8-8164-40316C10DB36}.Debug|x86.ActiveCfg = Debug|x86
		{ADB3E9A7-285A-4CF8-8164-40316C10DB36}.Debug|x86.Build.0 = Debug|x86
		{ADB3E9A7-285A-4CF8-8164-40316C10DB36}.Release|Any CPU.ActiveCfg = Release|Any CPU
		{ADB3E9A7-285A-4CF8-8164-40316C10DB36}.Release|Any CPU.Build.0 = Release|Any CPU
		{ADB3E9A7-285A-4CF8-8164-40316C10DB36}.Release|ARM.ActiveCfg = Release|ARM
		{ADB3E9A7-285A-4CF8-8164-40316C10DB36}.Release|ARM.Build.0 = Release|ARM
		{ADB3E9A7-285A-4CF8-8164-40316C10DB36}.Release|x64.ActiveCfg = Release|x64
		{ADB3E9A7-285A-4CF8-8164-40316C10DB36}.Release|x64.Build.0 = Release|x64
		{ADB3E9A7-285A-4CF8-8164-40316C10DB36}.Release|x86.ActiveCfg = Release|x86
		{ADB3E9A7-285A-4CF8-8164-40316C10DB36}.Release|x86.Build.0 = Release|x86
		{1328BB49-3532-4BC3-AB74-02E550E24092}.Debug|Any CPU.ActiveCfg = Debug|Any CPU
		{1328BB49-3532-4BC3-AB74-02E550E24092}.Debug|Any CPU.Build.0 = Debug|Any CPU
		{1328BB49-3532-4BC3-AB74-02E550E24092}.Debug|ARM.ActiveCfg = Debug|ARM
		{1328BB49-3532-4BC3-AB74-02E550E24092}.Debug|ARM.Build.0 = Debug|ARM
		{1328BB49-3532-4BC3-AB74-02E550E24092}.Debug|x64.ActiveCfg = Debug|x64
		{1328BB49-3532-4BC3-AB74-02E550E24092}.Debug|x64.Build.0 = Debug|x64
		{1328BB49-3532-4BC3-AB74-02E550E24092}.Debug|x86.ActiveCfg = Debug|x86
		{1328BB49-3532-4BC3-AB74-02E550E24092}.Debug|x86.Build.0 = Debug|x86
		{1328BB49-3532-4BC3-AB74-02E550E24092}.Release|Any CPU.ActiveCfg = Release|Any CPU
		{1328BB49-3532-4BC3-AB74-02E550E24092}.Release|Any CPU.Build.0 = Release|Any CPU
		{1328BB49-3532-4BC3-AB74-02E550E24092}.Release|ARM.ActiveCfg = Release|ARM
		{1328BB49-3532-4BC3-AB74-02E550E24092}.Release|ARM.Build.0 = Release|ARM
		{1328BB49-3532-4BC3-AB74-02E550E24092}.Release|x64.ActiveCfg = Release|x64
		{1328BB49-3532-4BC3-AB74-02E550E24092}.Release|x64.Build.0 = Release|x64
		{1328BB49-3532-4BC3-AB74-02E550E24092}.Release|x86.ActiveCfg = Release|x86
		{1328BB49-3532-4BC3-AB74-02E550E24092}.Release|x86.Build.0 = Release|x86
		{162D97B8-C6BA-42F6-AC51-CFDE62DBAB28}.Debug|Any CPU.ActiveCfg = Debug|Any CPU
		{162D97B8-C6BA-42F6-AC51-CFDE62DBAB28}.Debug|Any CPU.Build.0 = Debug|Any CPU
		{162D97B8-C6BA-42F6-AC51-CFDE62DBAB28}.Debug|ARM.ActiveCfg = Debug|ARM
		{162D97B8-C6BA-42F6-AC51-CFDE62DBAB28}.Debug|ARM.Build.0 = Debug|ARM
		{162D97B8-C6BA-42F6-AC51-CFDE62DBAB28}.Debug|x64.ActiveCfg = Debug|x64
		{162D97B8-C6BA-42F6-AC51-CFDE62DBAB28}.Debug|x64.Build.0 = Debug|x64
		{162D97B8-C6BA-42F6-AC51-CFDE62DBAB28}.Debug|x86.ActiveCfg = Debug|x86
		{162D97B8-C6BA-42F6-AC51-CFDE62DBAB28}.Debug|x86.Build.0 = Debug|x86
		{162D97B8-C6BA-42F6-AC51-CFDE62DBAB28}.Release|Any CPU.ActiveCfg = Release|Any CPU
		{162D97B8-C6BA-42F6-AC51-CFDE62DBAB28}.Release|Any CPU.Build.0 = Release|Any CPU
		{162D97B8-C6BA-42F6-AC51-CFDE62DBAB28}.Release|ARM.ActiveCfg = Release|ARM
		{162D97B8-C6BA-42F6-AC51-CFDE62DBAB28}.Release|ARM.Build.0 = Release|ARM
		{162D97B8-C6BA-42F6-AC51-CFDE62DBAB28}.Release|x64.ActiveCfg = Release|x64
		{162D97B8-C6BA-42F6-AC51-CFDE62DBAB28}.Release|x64.Build.0 = Release|x64
		{162D97B8-C6BA-42F6-AC51-CFDE62DBAB28}.Release|x86.ActiveCfg = Release|x86
		{162D97B8-C6BA-42F6-AC51-CFDE62DBAB28}.Release|x86.Build.0 = Release|x86
		{4E56A8C2-CAB1-459C-AC5C-DF9120DE227D}.Debug|Any CPU.ActiveCfg = Debug|Any CPU
		{4E56A8C2-CAB1-459C-AC5C-DF9120DE227D}.Debug|Any CPU.Build.0 = Debug|Any CPU
		{4E56A8C2-CAB1-459C-AC5C-DF9120DE227D}.Debug|ARM.ActiveCfg = Debug|ARM
		{4E56A8C2-CAB1-459C-AC5C-DF9120DE227D}.Debug|ARM.Build.0 = Debug|ARM
		{4E56A8C2-CAB1-459C-AC5C-DF9120DE227D}.Debug|x64.ActiveCfg = Debug|x64
		{4E56A8C2-CAB1-459C-AC5C-DF9120DE227D}.Debug|x64.Build.0 = Debug|x64
		{4E56A8C2-CAB1-459C-AC5C-DF9120DE227D}.Debug|x86.ActiveCfg = Debug|x86
		{4E56A8C2-CAB1-459C-AC5C-DF9120DE227D}.Debug|x86.Build.0 = Debug|x86
		{4E56A8C2-CAB1-459C-AC5C-DF9120DE227D}.Release|Any CPU.ActiveCfg = Release|Any CPU
		{4E56A8C2-CAB1-459C-AC5C-DF9120DE227D}.Release|Any CPU.Build.0 = Release|Any CPU
		{4E56A8C2-CAB1-459C-AC5C-DF9120DE227D}.Release|ARM.ActiveCfg = Release|ARM
		{4E56A8C2-CAB1-459C-AC5C-DF9120DE227D}.Release|ARM.Build.0 = Release|ARM
		{4E56A8C2-CAB1-459C-AC5C-DF9120DE227D}.Release|x64.ActiveCfg = Release|x64
		{4E56A8C2-CAB1-459C-AC5C-DF9120DE227D}.Release|x64.Build.0 = Release|x64
		{4E56A8C2-CAB1-459C-AC5C-DF9120DE227D}.Release|x86.ActiveCfg = Release|x86
		{4E56A8C2-CAB1-459C-AC5C-DF9120DE227D}.Release|x86.Build.0 = Release|x86
		{E1361C14-E0D5-498C-9BBB-2233E4373120}.Debug|Any CPU.ActiveCfg = Debug|Any CPU
		{E1361C14-E0D5-498C-9BBB-2233E4373120}.Debug|Any CPU.Build.0 = Debug|Any CPU
		{E1361C14-E0D5-498C-9BBB-2233E4373120}.Debug|ARM.ActiveCfg = Debug|ARM
		{E1361C14-E0D5-498C-9BBB-2233E4373120}.Debug|ARM.Build.0 = Debug|ARM
		{E1361C14-E0D5-498C-9BBB-2233E4373120}.Debug|x64.ActiveCfg = Debug|x64
		{E1361C14-E0D5-498C-9BBB-2233E4373120}.Debug|x64.Build.0 = Debug|x64
		{E1361C14-E0D5-498C-9BBB-2233E4373120}.Debug|x86.ActiveCfg = Debug|x86
		{E1361C14-E0D5-498C-9BBB-2233E4373120}.Debug|x86.Build.0 = Debug|x86
		{E1361C14-E0D5-498C-9BBB-2233E4373120}.Release|Any CPU.ActiveCfg = Release|Any CPU
		{E1361C14-E0D5-498C-9BBB-2233E4373120}.Release|Any CPU.Build.0 = Release|Any CPU
		{E1361C14-E0D5-498C-9BBB-2233E4373120}.Release|ARM.ActiveCfg = Release|ARM
		{E1361C14-E0D5-498C-9BBB-2233E4373120}.Release|ARM.Build.0 = Release|ARM
		{E1361C14-E0D5-498C-9BBB-2233E4373120}.Release|x64.ActiveCfg = Release|x64
		{E1361C14-E0D5-498C-9BBB-2233E4373120}.Release|x64.Build.0 = Release|x64
		{E1361C14-E0D5-498C-9BBB-2233E4373120}.Release|x86.ActiveCfg = Release|x86
		{E1361C14-E0D5-498C-9BBB-2233E4373120}.Release|x86.Build.0 = Release|x86
		{508BCD86-B726-4019-ABAB-89C84A548060}.Debug|Any CPU.ActiveCfg = Debug|Any CPU
		{508BCD86-B726-4019-ABAB-89C84A548060}.Debug|Any CPU.Build.0 = Debug|Any CPU
		{508BCD86-B726-4019-ABAB-89C84A548060}.Debug|ARM.ActiveCfg = Debug|ARM
		{508BCD86-B726-4019-ABAB-89C84A548060}.Debug|ARM.Build.0 = Debug|ARM
		{508BCD86-B726-4019-ABAB-89C84A548060}.Debug|x64.ActiveCfg = Debug|x64
		{508BCD86-B726-4019-ABAB-89C84A548060}.Debug|x64.Build.0 = Debug|x64
		{508BCD86-B726-4019-ABAB-89C84A548060}.Debug|x86.ActiveCfg = Debug|x86
		{508BCD86-B726-4019-ABAB-89C84A548060}.Debug|x86.Build.0 = Debug|x86
		{508BCD86-B726-4019-ABAB-89C84A548060}.Release|Any CPU.ActiveCfg = Release|Any CPU
		{508BCD86-B726-4019-ABAB-89C84A548060}.Release|Any CPU.Build.0 = Release|Any CPU
		{508BCD86-B726-4019-ABAB-89C84A548060}.Release|ARM.ActiveCfg = Release|ARM
		{508BCD86-B726-4019-ABAB-89C84A548060}.Release|ARM.Build.0 = Release|ARM
		{508BCD86-B726-4019-ABAB-89C84A548060}.Release|x64.ActiveCfg = Release|x64
		{508BCD86-B726-4019-ABAB-89C84A548060}.Release|x64.Build.0 = Release|x64
		{508BCD86-B726-4019-ABAB-89C84A548060}.Release|x86.ActiveCfg = Release|x86
		{508BCD86-B726-4019-ABAB-89C84A548060}.Release|x86.Build.0 = Release|x86
		{B5E95597-7026-413B-BF25-C72F3A0FD1E9}.Debug|Any CPU.ActiveCfg = Debug|Any CPU
		{B5E95597-7026-413B-BF25-C72F3A0FD1E9}.Debug|Any CPU.Build.0 = Debug|Any CPU
		{B5E95597-7026-413B-BF25-C72F3A0FD1E9}.Debug|ARM.ActiveCfg = Debug|ARM
		{B5E95597-7026-413B-BF25-C72F3A0FD1E9}.Debug|ARM.Build.0 = Debug|ARM
		{B5E95597-7026-413B-BF25-C72F3A0FD1E9}.Debug|x64.ActiveCfg = Debug|x64
		{B5E95597-7026-413B-BF25-C72F3A0FD1E9}.Debug|x64.Build.0 = Debug|x64
		{B5E95597-7026-413B-BF25-C72F3A0FD1E9}.Debug|x86.ActiveCfg = Debug|x86
		{B5E95597-7026-413B-BF25-C72F3A0FD1E9}.Debug|x86.Build.0 = Debug|x86
		{B5E95597-7026-413B-BF25-C72F3A0FD1E9}.Release|Any CPU.ActiveCfg = Release|Any CPU
		{B5E95597-7026-413B-BF25-C72F3A0FD1E9}.Release|Any CPU.Build.0 = Release|Any CPU
		{B5E95597-7026-413B-BF25-C72F3A0FD1E9}.Release|ARM.ActiveCfg = Release|ARM
		{B5E95597-7026-413B-BF25-C72F3A0FD1E9}.Release|ARM.Build.0 = Release|ARM
		{B5E95597-7026-413B-BF25-C72F3A0FD1E9}.Release|x64.ActiveCfg = Release|x64
		{B5E95597-7026-413B-BF25-C72F3A0FD1E9}.Release|x64.Build.0 = Release|x64
		{B5E95597-7026-413B-BF25-C72F3A0FD1E9}.Release|x86.ActiveCfg = Release|x86
		{B5E95597-7026-413B-BF25-C72F3A0FD1E9}.Release|x86.Build.0 = Release|x86
		{F1C60CE2-7873-4C51-A498-D72D3EE603C6}.Debug|Any CPU.ActiveCfg = Debug|Any CPU
		{F1C60CE2-7873-4C51-A498-D72D3EE603C6}.Debug|Any CPU.Build.0 = Debug|Any CPU
		{F1C60CE2-7873-4C51-A498-D72D3EE603C6}.Debug|ARM.ActiveCfg = Debug|ARM
		{F1C60CE2-7873-4C51-A498-D72D3EE603C6}.Debug|ARM.Build.0 = Debug|ARM
		{F1C60CE2-7873-4C51-A498-D72D3EE603C6}.Debug|x64.ActiveCfg = Debug|x64
		{F1C60CE2-7873-4C51-A498-D72D3EE603C6}.Debug|x64.Build.0 = Debug|x64
		{F1C60CE2-7873-4C51-A498-D72D3EE603C6}.Debug|x86.ActiveCfg = Debug|x86
		{F1C60CE2-7873-4C51-A498-D72D3EE603C6}.Debug|x86.Build.0 = Debug|x86
		{F1C60CE2-7873-4C51-A498-D72D3EE603C6}.Release|Any CPU.ActiveCfg = Release|Any CPU
		{F1C60CE2-7873-4C51-A498-D72D3EE603C6}.Release|Any CPU.Build.0 = Release|Any CPU
		{F1C60CE2-7873-4C51-A498-D72D3EE603C6}.Release|ARM.ActiveCfg = Release|ARM
		{F1C60CE2-7873-4C51-A498-D72D3EE603C6}.Release|ARM.Build.0 = Release|ARM
		{F1C60CE2-7873-4C51-A498-D72D3EE603C6}.Release|x64.ActiveCfg = Release|x64
		{F1C60CE2-7873-4C51-A498-D72D3EE603C6}.Release|x64.Build.0 = Release|x64
		{F1C60CE2-7873-4C51-A498-D72D3EE603C6}.Release|x86.ActiveCfg = Release|x86
		{F1C60CE2-7873-4C51-A498-D72D3EE603C6}.Release|x86.Build.0 = Release|x86
		{55E8C2E5-EFED-4A64-8120-7A6072D46125}.Debug|Any CPU.ActiveCfg = Debug|Any CPU
		{55E8C2E5-EFED-4A64-8120-7A6072D46125}.Debug|Any CPU.Build.0 = Debug|Any CPU
		{55E8C2E5-EFED-4A64-8120-7A6072D46125}.Debug|ARM.ActiveCfg = Debug|ARM
		{55E8C2E5-EFED-4A64-8120-7A6072D46125}.Debug|ARM.Build.0 = Debug|ARM
		{55E8C2E5-EFED-4A64-8120-7A6072D46125}.Debug|x64.ActiveCfg = Debug|x64
		{55E8C2E5-EFED-4A64-8120-7A6072D46125}.Debug|x64.Build.0 = Debug|x64
		{55E8C2E5-EFED-4A64-8120-7A6072D46125}.Debug|x86.ActiveCfg = Debug|x86
		{55E8C2E5-EFED-4A64-8120-7A6072D46125}.Debug|x86.Build.0 = Debug|x86
		{55E8C2E5-EFED-4A64-8120-7A6072D46125}.Release|Any CPU.ActiveCfg = Release|Any CPU
		{55E8C2E5-EFED-4A64-8120-7A6072D46125}.Release|Any CPU.Build.0 = Release|Any CPU
		{55E8C2E5-EFED-4A64-8120-7A6072D46125}.Release|ARM.ActiveCfg = Release|ARM
		{55E8C2E5-EFED-4A64-8120-7A6072D46125}.Release|ARM.Build.0 = Release|ARM
		{55E8C2E5-EFED-4A64-8120-7A6072D46125}.Release|x64.ActiveCfg = Release|x64
		{55E8C2E5-EFED-4A64-8120-7A6072D46125}.Release|x64.Build.0 = Release|x64
		{55E8C2E5-EFED-4A64-8120-7A6072D46125}.Release|x86.ActiveCfg = Release|x86
		{55E8C2E5-EFED-4A64-8120-7A6072D46125}.Release|x86.Build.0 = Release|x86
		{06E8A736-BC61-4EA4-98AF-3F86C156CDC6}.Debug|Any CPU.ActiveCfg = Debug|Any CPU
		{06E8A736-BC61-4EA4-98AF-3F86C156CDC6}.Debug|Any CPU.Build.0 = Debug|Any CPU
		{06E8A736-BC61-4EA4-98AF-3F86C156CDC6}.Debug|ARM.ActiveCfg = Debug|ARM
		{06E8A736-BC61-4EA4-98AF-3F86C156CDC6}.Debug|ARM.Build.0 = Debug|ARM
		{06E8A736-BC61-4EA4-98AF-3F86C156CDC6}.Debug|x64.ActiveCfg = Debug|x64
		{06E8A736-BC61-4EA4-98AF-3F86C156CDC6}.Debug|x64.Build.0 = Debug|x64
		{06E8A736-BC61-4EA4-98AF-3F86C156CDC6}.Debug|x86.ActiveCfg = Debug|x86
		{06E8A736-BC61-4EA4-98AF-3F86C156CDC6}.Debug|x86.Build.0 = Debug|x86
		{06E8A736-BC61-4EA4-98AF-3F86C156CDC6}.Release|Any CPU.ActiveCfg = Release|Any CPU
		{06E8A736-BC61-4EA4-98AF-3F86C156CDC6}.Release|Any CPU.Build.0 = Release|Any CPU
		{06E8A736-BC61-4EA4-98AF-3F86C156CDC6}.Release|ARM.ActiveCfg = Release|ARM
		{06E8A736-BC61-4EA4-98AF-3F86C156CDC6}.Release|ARM.Build.0 = Release|ARM
		{06E8A736-BC61-4EA4-98AF-3F86C156CDC6}.Release|x64.ActiveCfg = Release|x64
		{06E8A736-BC61-4EA4-98AF-3F86C156CDC6}.Release|x64.Build.0 = Release|x64
		{06E8A736-BC61-4EA4-98AF-3F86C156CDC6}.Release|x86.ActiveCfg = Release|x86
		{06E8A736-BC61-4EA4-98AF-3F86C156CDC6}.Release|x86.Build.0 = Release|x86
		{BB010352-3911-42CB-9D87-C2034B8FB265}.Debug|Any CPU.ActiveCfg = Debug|Any CPU
		{BB010352-3911-42CB-9D87-C2034B8FB265}.Debug|Any CPU.Build.0 = Debug|Any CPU
		{BB010352-3911-42CB-9D87-C2034B8FB265}.Debug|ARM.ActiveCfg = Debug|ARM
		{BB010352-3911-42CB-9D87-C2034B8FB265}.Debug|ARM.Build.0 = Debug|ARM
		{BB010352-3911-42CB-9D87-C2034B8FB265}.Debug|x64.ActiveCfg = Debug|x64
		{BB010352-3911-42CB-9D87-C2034B8FB265}.Debug|x64.Build.0 = Debug|x64
		{BB010352-3911-42CB-9D87-C2034B8FB265}.Debug|x86.ActiveCfg = Debug|x86
		{BB010352-3911-42CB-9D87-C2034B8FB265}.Debug|x86.Build.0 = Debug|x86
		{BB010352-3911-42CB-9D87-C2034B8FB265}.Release|Any CPU.ActiveCfg = Release|Any CPU
		{BB010352-3911-42CB-9D87-C2034B8FB265}.Release|Any CPU.Build.0 = Release|Any CPU
		{BB010352-3911-42CB-9D87-C2034B8FB265}.Release|ARM.ActiveCfg = Release|ARM
		{BB010352-3911-42CB-9D87-C2034B8FB265}.Release|ARM.Build.0 = Release|ARM
		{BB010352-3911-42CB-9D87-C2034B8FB265}.Release|x64.ActiveCfg = Release|x64
		{BB010352-3911-42CB-9D87-C2034B8FB265}.Release|x64.Build.0 = Release|x64
		{BB010352-3911-42CB-9D87-C2034B8FB265}.Release|x86.ActiveCfg = Release|x86
		{BB010352-3911-42CB-9D87-C2034B8FB265}.Release|x86.Build.0 = Release|x86
		{680D7E16-7BC1-44A6-939E-8F94904DBC7B}.Debug|Any CPU.ActiveCfg = Debug|Any CPU
		{680D7E16-7BC1-44A6-939E-8F94904DBC7B}.Debug|Any CPU.Build.0 = Debug|Any CPU
		{680D7E16-7BC1-44A6-939E-8F94904DBC7B}.Debug|ARM.ActiveCfg = Debug|Any CPU
		{680D7E16-7BC1-44A6-939E-8F94904DBC7B}.Debug|ARM.Build.0 = Debug|Any CPU
		{680D7E16-7BC1-44A6-939E-8F94904DBC7B}.Debug|x64.ActiveCfg = Debug|Any CPU
		{680D7E16-7BC1-44A6-939E-8F94904DBC7B}.Debug|x64.Build.0 = Debug|Any CPU
		{680D7E16-7BC1-44A6-939E-8F94904DBC7B}.Debug|x86.ActiveCfg = Debug|Any CPU
		{680D7E16-7BC1-44A6-939E-8F94904DBC7B}.Debug|x86.Build.0 = Debug|Any CPU
		{680D7E16-7BC1-44A6-939E-8F94904DBC7B}.Release|Any CPU.ActiveCfg = Release|Any CPU
		{680D7E16-7BC1-44A6-939E-8F94904DBC7B}.Release|Any CPU.Build.0 = Release|Any CPU
		{680D7E16-7BC1-44A6-939E-8F94904DBC7B}.Release|ARM.ActiveCfg = Release|Any CPU
		{680D7E16-7BC1-44A6-939E-8F94904DBC7B}.Release|ARM.Build.0 = Release|Any CPU
		{680D7E16-7BC1-44A6-939E-8F94904DBC7B}.Release|x64.ActiveCfg = Release|Any CPU
		{680D7E16-7BC1-44A6-939E-8F94904DBC7B}.Release|x64.Build.0 = Release|Any CPU
		{680D7E16-7BC1-44A6-939E-8F94904DBC7B}.Release|x86.ActiveCfg = Release|Any CPU
		{680D7E16-7BC1-44A6-939E-8F94904DBC7B}.Release|x86.Build.0 = Release|Any CPU
		{A63C16F8-208A-4BBE-8282-CE5C902011F6}.Debug|Any CPU.ActiveCfg = Debug|x86
		{A63C16F8-208A-4BBE-8282-CE5C902011F6}.Debug|ARM.ActiveCfg = Debug|ARM
		{A63C16F8-208A-4BBE-8282-CE5C902011F6}.Debug|ARM.Build.0 = Debug|ARM
		{A63C16F8-208A-4BBE-8282-CE5C902011F6}.Debug|ARM.Deploy.0 = Debug|ARM
		{A63C16F8-208A-4BBE-8282-CE5C902011F6}.Debug|x64.ActiveCfg = Debug|x64
		{A63C16F8-208A-4BBE-8282-CE5C902011F6}.Debug|x64.Build.0 = Debug|x64
		{A63C16F8-208A-4BBE-8282-CE5C902011F6}.Debug|x64.Deploy.0 = Debug|x64
		{A63C16F8-208A-4BBE-8282-CE5C902011F6}.Debug|x86.ActiveCfg = Debug|x86
		{A63C16F8-208A-4BBE-8282-CE5C902011F6}.Debug|x86.Build.0 = Debug|x86
		{A63C16F8-208A-4BBE-8282-CE5C902011F6}.Debug|x86.Deploy.0 = Debug|x86
		{A63C16F8-208A-4BBE-8282-CE5C902011F6}.Release|Any CPU.ActiveCfg = Release|x86
		{A63C16F8-208A-4BBE-8282-CE5C902011F6}.Release|ARM.ActiveCfg = Release|ARM
		{A63C16F8-208A-4BBE-8282-CE5C902011F6}.Release|ARM.Build.0 = Release|ARM
		{A63C16F8-208A-4BBE-8282-CE5C902011F6}.Release|ARM.Deploy.0 = Release|ARM
		{A63C16F8-208A-4BBE-8282-CE5C902011F6}.Release|x64.ActiveCfg = Release|x64
		{A63C16F8-208A-4BBE-8282-CE5C902011F6}.Release|x64.Build.0 = Release|x64
		{A63C16F8-208A-4BBE-8282-CE5C902011F6}.Release|x64.Deploy.0 = Release|x64
		{A63C16F8-208A-4BBE-8282-CE5C902011F6}.Release|x86.ActiveCfg = Release|x86
		{A63C16F8-208A-4BBE-8282-CE5C902011F6}.Release|x86.Build.0 = Release|x86
		{A63C16F8-208A-4BBE-8282-CE5C902011F6}.Release|x86.Deploy.0 = Release|x86
	EndGlobalSection
	GlobalSection(SolutionProperties) = preSolution
		HideSolutionNode = FALSE
	EndGlobalSection
	GlobalSection(NestedProjects) = preSolution
		{B1A9F7FC-0689-4497-A3AC-CB9E86FE6116} = {A6478738-3E7C-4021-B5C0-2A2561D68BFC}
		{91DC43AA-F693-4FAC-96AB-8DE1EE1D5D77} = {A6478738-3E7C-4021-B5C0-2A2561D68BFC}
		{23D641F0-F0AA-4719-ADE5-690D62E486C8} = {A6478738-3E7C-4021-B5C0-2A2561D68BFC}
		{7AE65E01-F138-4D2B-AB18-8E8AA1E5B405} = {A6478738-3E7C-4021-B5C0-2A2561D68BFC}
		{86A84F39-335D-4079-B203-4C95904B28F2} = {A6478738-3E7C-4021-B5C0-2A2561D68BFC}
		{CE740FEA-3FE8-468B-96FD-EBCBDE1E3334} = {A6478738-3E7C-4021-B5C0-2A2561D68BFC}
		{4C7B4F9C-8280-46C3-98B7-6D11979CC23B} = {A6478738-3E7C-4021-B5C0-2A2561D68BFC}
		{C0218921-BD00-4243-98A0-2D0AF1F74476} = {A6478738-3E7C-4021-B5C0-2A2561D68BFC}
		{2A195BF1-5D0F-4B00-92CD-B7CA5FA74B4A} = {A6478738-3E7C-4021-B5C0-2A2561D68BFC}
		{B119DA68-3436-4CF1-AEC1-D136D5838D41} = {A6478738-3E7C-4021-B5C0-2A2561D68BFC}
		{4D32E706-4FC1-4746-BB18-2FCB51DD53AB} = {A6478738-3E7C-4021-B5C0-2A2561D68BFC}
		{4187D672-EA72-4DBB-A5A3-7247498CF144} = {A6478738-3E7C-4021-B5C0-2A2561D68BFC}
		{BE8956F7-C1CE-4803-B001-ED60ED4128E5} = {A6478738-3E7C-4021-B5C0-2A2561D68BFC}
		{70CA4E6B-C33B-4477-A542-54E6A4E43163} = {A6478738-3E7C-4021-B5C0-2A2561D68BFC}
		{1887E95C-5C1F-41BB-AC38-31939BC97FA4} = {A6478738-3E7C-4021-B5C0-2A2561D68BFC}
		{E6DF96A7-2615-4B9E-AC66-001F2D5BBE48} = {A6478738-3E7C-4021-B5C0-2A2561D68BFC}
		{31820980-83A6-457F-85EC-1BD8DDF3938B} = {A6478738-3E7C-4021-B5C0-2A2561D68BFC}
		{EB55FBD1-3D97-4E3F-A56D-6C467A8DFC2B} = {A6478738-3E7C-4021-B5C0-2A2561D68BFC}
		{9D0D973B-0D67-4EB4-B698-D1FF5BD4A54D} = {A6478738-3E7C-4021-B5C0-2A2561D68BFC}
		{96FE711A-DBEE-4BDA-99E0-07C5640ED894} = {A6478738-3E7C-4021-B5C0-2A2561D68BFC}
		{B86C1D87-0BEE-44D0-873E-49CC21C584BA} = {A6478738-3E7C-4021-B5C0-2A2561D68BFC}
		{F6FA2B93-9141-45B7-956F-DE4D0C265B3E} = {B1A9F7FC-0689-4497-A3AC-CB9E86FE6116}
		{15A1C8D9-B6E7-4809-9443-CDAE156A6A94} = {91DC43AA-F693-4FAC-96AB-8DE1EE1D5D77}
		{69656BBF-7A4C-48AE-A3E6-329E4C0535F9} = {23D641F0-F0AA-4719-ADE5-690D62E486C8}
		{CD580D15-6AA1-4E20-84B4-AB9702815C1E} = {7AE65E01-F138-4D2B-AB18-8E8AA1E5B405}
		{4E8BF452-8A61-495E-BC95-BE6EDF1C1675} = {86A84F39-335D-4079-B203-4C95904B28F2}
		{76EE5757-A471-4D5E-8763-45FA3851EBF9} = {CE740FEA-3FE8-468B-96FD-EBCBDE1E3334}
		{3BA84489-9226-48AF-BF3F-9EE1601522B3} = {4C7B4F9C-8280-46C3-98B7-6D11979CC23B}
		{AA4ECDC0-2B35-4A1C-8CB0-39E00DDE0AD5} = {C0218921-BD00-4243-98A0-2D0AF1F74476}
		{F33496E4-A0C1-4591-8A9A-74499A546DCB} = {2A195BF1-5D0F-4B00-92CD-B7CA5FA74B4A}
		{172FD044-103E-4DEB-8B62-00F882868647} = {B119DA68-3436-4CF1-AEC1-D136D5838D41}
		{ADB3E9A7-285A-4CF8-8164-40316C10DB36} = {4D32E706-4FC1-4746-BB18-2FCB51DD53AB}
		{1328BB49-3532-4BC3-AB74-02E550E24092} = {4187D672-EA72-4DBB-A5A3-7247498CF144}
		{162D97B8-C6BA-42F6-AC51-CFDE62DBAB28} = {BE8956F7-C1CE-4803-B001-ED60ED4128E5}
		{4E56A8C2-CAB1-459C-AC5C-DF9120DE227D} = {70CA4E6B-C33B-4477-A542-54E6A4E43163}
		{E1361C14-E0D5-498C-9BBB-2233E4373120} = {1887E95C-5C1F-41BB-AC38-31939BC97FA4}
		{508BCD86-B726-4019-ABAB-89C84A548060} = {E6DF96A7-2615-4B9E-AC66-001F2D5BBE48}
		{B5E95597-7026-413B-BF25-C72F3A0FD1E9} = {31820980-83A6-457F-85EC-1BD8DDF3938B}
		{F1C60CE2-7873-4C51-A498-D72D3EE603C6} = {EB55FBD1-3D97-4E3F-A56D-6C467A8DFC2B}
		{55E8C2E5-EFED-4A64-8120-7A6072D46125} = {9D0D973B-0D67-4EB4-B698-D1FF5BD4A54D}
		{06E8A736-BC61-4EA4-98AF-3F86C156CDC6} = {96FE711A-DBEE-4BDA-99E0-07C5640ED894}
		{BB010352-3911-42CB-9D87-C2034B8FB265} = {B86C1D87-0BEE-44D0-873E-49CC21C584BA}
		{680D7E16-7BC1-44A6-939E-8F94904DBC7B} = {54584C44-1233-4DC1-A175-6CF4ABB0066E}
		{A63C16F8-208A-4BBE-8282-CE5C902011F6} = {3055AAFD-BEB8-4F76-BC64-ACE6273F90BF}
	EndGlobalSection
EndGlobal
